{
  "version": 4,
  "terraform_version": "1.1.7",
  "serial": 3,
  "lineage": "03f869fd-7d0a-2d76-c875-01146485cfa3",
  "outputs": {
    "lambda_function_arn": {
      "value": "aws_lambda_function.hello_world_lambda.arn",
      "type": "string"
    }
  },
  "resources": [
    {
      "mode": "data",
      "type": "archive_file",
      "name": "lambda_zip",
      "provider": "provider[\"registry.terraform.io/hashicorp/archive\"]",
      "instances": [
        {
          "schema_version": 0,
          "attributes": {
            "excludes": null,
            "id": "46382952131bdf08ff0574a0f4b6b0bc89788f83",
            "output_base64sha256": "v6yUMwg68ckBYGALJw4XHsVsSi2IHaQqRS6SjDCskaI=",
            "output_file_mode": null,
            "output_md5": "f0d225ab2ac3e75be58d5401e6ed359c",
            "output_path": "output.zip",
            "output_sha": "46382952131bdf08ff0574a0f4b6b0bc89788f83",
            "output_size": 311,
            "source": [],
            "source_content": null,
            "source_content_filename": null,
            "source_dir": null,
            "source_file": "hello_world_lambda.py",
            "type": "zip"
          },
          "sensitive_attributes": []
        }
      ]
    },
    {
      "mode": "managed",
      "type": "aws_cloudwatch_log_group",
      "name": "lambda_log_group",
      "provider": "provider[\"registry.terraform.io/hashicorp/aws\"]",
      "instances": [
        {
          "schema_version": 0,
          "attributes": {
            "arn": "arn:aws:logs:us-east-1:732673164233:log-group:/aws/lambda/hello_world_lambda",
            "id": "/aws/lambda/hello_world_lambda",
            "kms_key_id": "",
            "name": "/aws/lambda/hello_world_lambda",
            "name_prefix": null,
            "retention_in_days": 7,
            "tags": null,
            "tags_all": {}
          },
          "sensitive_attributes": [],
          "private": "bnVsbA=="
        }
      ]
    },
    {
      "mode": "managed",
      "type": "aws_iam_role_policy_attachment",
      "name": "lambda_log_policy",
      "provider": "provider[\"registry.terraform.io/hashicorp/aws\"]",
      "instances": []
    },
    {
      "mode": "managed",
      "type": "aws_lambda_function",
      "name": "hello_world_lambda",
      "provider": "provider[\"registry.terraform.io/hashicorp/aws\"]",
      "instances": []
    }
  ]
}
